
Microsoft Visual Studio Solution File, Format Version 12.00
# Visual Studio 15
VisualStudioVersion = 15.0.27130.2027
MinimumVisualStudioVersion = 10.0.40219.1
Project("{9A19103F-16F7-4668-BE54-9A1E7A4F7556}") = "ITI.PrimarySchool.DB", "src\ITI.PrimarySchool.DB\ITI.PrimarySchool.DB.csproj", "{37C71081-0979-46D3-ABE8-CA8D33136B51}"
EndProject
Project("{2150E333-8FDC-42A3-9474-1A3956D46DE8}") = "Solution Items", "Solution Items", "{7A19BEF5-5AF4-4135-806A-DD7E8ACAE10D}"
	ProjectSection(SolutionItems) = preProject
		.gitignore = .gitignore
		NuGet.config = NuGet.config
	EndProjectSection
EndProject
Project("{9A19103F-16F7-4668-BE54-9A1E7A4F7556}") = "ITI.PrimarySchool.DAL", "src\ITI.PrimarySchool.DAL\ITI.PrimarySchool.DAL.csproj", "{D4885BF2-54A1-473A-AAE1-22305FA50D5D}"
EndProject
Project("{9A19103F-16F7-4668-BE54-9A1E7A4F7556}") = "ITI.PrimarySchool.DAL.Tests", "src\ITI.PrimarySchool.DAL.Tests\ITI.PrimarySchool.DAL.Tests.csproj", "{5B44E480-CB21-4DB7-9FE1-3C1455E4929E}"
EndProject
Project("{FAE04EC0-301F-11D3-BF4B-00C04F79EFBC}") = "ITI.PrimarySchool.WebApp", "src\ITI.PrimarySchool.WebApp\ITI.PrimarySchool.WebApp.csproj", "{E3D525F3-EBC0-4E34-8E94-2E85893933A3}"
EndProject
Global
	GlobalSection(SolutionConfigurationPlatforms) = preSolution
		Debug|Any CPU = Debug|Any CPU
		Release|Any CPU = Release|Any CPU
	EndGlobalSection
	GlobalSection(ProjectConfigurationPlatforms) = postSolution
		{37C71081-0979-46D3-ABE8-CA8D33136B51}.Debug|Any CPU.ActiveCfg = Debug|Any CPU
		{37C71081-0979-46D3-ABE8-CA8D33136B51}.Debug|Any CPU.Build.0 = Debug|Any CPU
		{37C71081-0979-46D3-ABE8-CA8D33136B51}.Release|Any CPU.ActiveCfg = Release|Any CPU
		{37C71081-0979-46D3-ABE8-CA8D33136B51}.Release|Any CPU.Build.0 = Release|Any CPU
		{D4885BF2-54A1-473A-AAE1-22305FA50D5D}.Debug|Any CPU.ActiveCfg = Debug|Any CPU
		{D4885BF2-54A1-473A-AAE1-22305FA50D5D}.Debug|Any CPU.Build.0 = Debug|Any CPU
		{D4885BF2-54A1-473A-AAE1-22305FA50D5D}.Release|Any CPU.ActiveCfg = Release|Any CPU
		{D4885BF2-54A1-473A-AAE1-22305FA50D5D}.Release|Any CPU.Build.0 = Release|Any CPU
		{5B44E480-CB21-4DB7-9FE1-3C1455E4929E}.Debug|Any CPU.ActiveCfg = Debug|Any CPU
		{5B44E480-CB21-4DB7-9FE1-3C1455E4929E}.Debug|Any CPU.Build.0 = Debug|Any CPU
		{5B44E480-CB21-4DB7-9FE1-3C1455E4929E}.Release|Any CPU.ActiveCfg = Release|Any CPU
		{5B44E480-CB21-4DB7-9FE1-3C1455E4929E}.Release|Any CPU.Build.0 = Release|Any CPU
		{E3D525F3-EBC0-4E34-8E94-2E85893933A3}.Debug|Any CPU.ActiveCfg = Debug|Any CPU
		{E3D525F3-EBC0-4E34-8E94-2E85893933A3}.Debug|Any CPU.Build.0 = Debug|Any CPU
		{E3D525F3-EBC0-4E34-8E94-2E85893933A3}.Release|Any CPU.ActiveCfg = Release|Any CPU
		{E3D525F3-EBC0-4E34-8E94-2E85893933A3}.Release|Any CPU.Build.0 = Release|Any CPU
	EndGlobalSection
	GlobalSection(SolutionProperties) = preSolution
		HideSolutionNode = FALSE
	EndGlobalSection
	GlobalSection(ExtensibilityGlobals) = postSolution
		SolutionGuid = {D873F32D-D7F6-4FB4-A7FB-99022FD985C1}
	EndGlobalSection
EndGlobal
