
Microsoft Visual Studio Solution File, Format Version 12.00
# Visual Studio 15
VisualStudioVersion = 15.0.26228.9
MinimumVisualStudioVersion = 10.0.40219.1
Project("{2150E333-8FDC-42A3-9474-1A3956D46DE8}") = "Solution Items", "Solution Items", "{8AD68C38-ECC3-4348-B4BC-8E1269D01D25}"
	ProjectSection(SolutionItems) = preProject
		NuGet.config = NuGet.config
	EndProjectSection
EndProject
Project("{9A19103F-16F7-4668-BE54-9A1E7A4F7556}") = "ITI.PrimarySchool.WebApp", "src\ITI.PrimarySchool.WebApp\ITI.PrimarySchool.WebApp.csproj", "{29C6F5B1-A501-4C6B-8D73-0ECEF2AB2992}"
EndProject
Project("{9A19103F-16F7-4668-BE54-9A1E7A4F7556}") = "ITI.PrimarySchool.DAL", "src\ITI.PrimarySchool.DAL\ITI.PrimarySchool.DAL.csproj", "{24619790-03C8-4CAB-95A5-08B07E374375}"
EndProject
Project("{9A19103F-16F7-4668-BE54-9A1E7A4F7556}") = "ITI.PrimarySchool.DAL.Tests", "src\ITI.PrimarySchool.DAL.Tests\ITI.PrimarySchool.DAL.Tests.csproj", "{B171111E-5720-473B-B98F-155A8512B6A1}"
EndProject
Project("{9A19103F-16F7-4668-BE54-9A1E7A4F7556}") = "ITI.PrimarySchool.DB", "src\ITI.PrimarySchool.DB\ITI.PrimarySchool.DB.csproj", "{6EBF83EF-DE88-4C34-A121-B4E38427B792}"
EndProject
Global
	GlobalSection(SolutionConfigurationPlatforms) = preSolution
		Debug|Any CPU = Debug|Any CPU
		Release|Any CPU = Release|Any CPU
	EndGlobalSection
	GlobalSection(ProjectConfigurationPlatforms) = postSolution
		{29C6F5B1-A501-4C6B-8D73-0ECEF2AB2992}.Debug|Any CPU.ActiveCfg = Debug|Any CPU
		{29C6F5B1-A501-4C6B-8D73-0ECEF2AB2992}.Debug|Any CPU.Build.0 = Debug|Any CPU
		{29C6F5B1-A501-4C6B-8D73-0ECEF2AB2992}.Release|Any CPU.ActiveCfg = Release|Any CPU
		{29C6F5B1-A501-4C6B-8D73-0ECEF2AB2992}.Release|Any CPU.Build.0 = Release|Any CPU
		{24619790-03C8-4CAB-95A5-08B07E374375}.Debug|Any CPU.ActiveCfg = Debug|Any CPU
		{24619790-03C8-4CAB-95A5-08B07E374375}.Debug|Any CPU.Build.0 = Debug|Any CPU
		{24619790-03C8-4CAB-95A5-08B07E374375}.Release|Any CPU.ActiveCfg = Release|Any CPU
		{24619790-03C8-4CAB-95A5-08B07E374375}.Release|Any CPU.Build.0 = Release|Any CPU
		{B171111E-5720-473B-B98F-155A8512B6A1}.Debug|Any CPU.ActiveCfg = Debug|Any CPU
		{B171111E-5720-473B-B98F-155A8512B6A1}.Debug|Any CPU.Build.0 = Debug|Any CPU
		{B171111E-5720-473B-B98F-155A8512B6A1}.Release|Any CPU.ActiveCfg = Release|Any CPU
		{B171111E-5720-473B-B98F-155A8512B6A1}.Release|Any CPU.Build.0 = Release|Any CPU
		{6EBF83EF-DE88-4C34-A121-B4E38427B792}.Debug|Any CPU.ActiveCfg = Debug|Any CPU
		{6EBF83EF-DE88-4C34-A121-B4E38427B792}.Debug|Any CPU.Build.0 = Debug|Any CPU
		{6EBF83EF-DE88-4C34-A121-B4E38427B792}.Release|Any CPU.ActiveCfg = Release|Any CPU
		{6EBF83EF-DE88-4C34-A121-B4E38427B792}.Release|Any CPU.Build.0 = Release|Any CPU
	EndGlobalSection
	GlobalSection(SolutionProperties) = preSolution
		HideSolutionNode = FALSE
	EndGlobalSection
EndGlobal
